{
    "name": "dicom",
    "version": "0.1.0",
    "lockfileVersion": 1,
    "requires": true,
    "dependencies": {
        "three": {
            "version": "0.124.0",
            "resolved": "https://registry.npmjs.org/three/-/three-0.124.0.tgz",
            "integrity": "sha512-ROXp1Ly7YyF+jC910DQyAWj++Qlw2lQv0qwYLNQwdDbjk4bsOXAfGO92wYTMPNei1GMJUmCxSxc3MjGBTS09Rg=="
        },
        "three-stl-loader": {
            "version": "1.0.6",
            "resolved": "https://registry.npmjs.org/three-stl-loader/-/three-stl-loader-1.0.6.tgz",
            "integrity": "sha512-Z5Tc41XwYkR7we7Igz9Ck0Gw931aMePpPA2piaixUBOqteztlnh5onH/op5UrTdlOjs6GnKR6DBHZ4plUEh4bA=="
        }
    }
}
